
Microsoft Visual Studio Solution File, Format Version 12.00
# Visual Studio 15
VisualStudioVersion = 15.0.28307.645
MinimumVisualStudioVersion = 10.0.40219.1
Project("{9A19103F-16F7-4668-BE54-9A1E7A4F7556}") = "Interaction", "Sat2Revit\Interaction\Interaction.csproj", "{AF0D216E-EEA8-4B30-877F-7E3C9CDA57AD}"
EndProject
Project("{FAE04EC0-301F-11D3-BF4B-00C04F79EFBC}") = "Sat2Revit", "Sat2Revit\Sat2RevitPlugin\Sat2Revit.csproj", "{1B28EA8E-0AB5-47C4-8BEA-A08D3FAD3C7C}"
EndProject
Global
	GlobalSection(SolutionConfigurationPlatforms) = preSolution
		Debug|Any CPU = Debug|Any CPU
		Release|Any CPU = Release|Any CPU
	EndGlobalSection
	GlobalSection(ProjectConfigurationPlatforms) = postSolution
		{AF0D216E-EEA8-4B30-877F-7E3C9CDA57AD}.Debug|Any CPU.ActiveCfg = Debug|Any CPU
		{AF0D216E-EEA8-4B30-877F-7E3C9CDA57AD}.Debug|Any CPU.Build.0 = Debug|Any CPU
		{AF0D216E-EEA8-4B30-877F-7E3C9CDA57AD}.Release|Any CPU.ActiveCfg = Release|Any CPU
		{AF0D216E-EEA8-4B30-877F-7E3C9CDA57AD}.Release|Any CPU.Build.0 = Release|Any CPU
		{1B28EA8E-0AB5-47C4-8BEA-A08D3FAD3C7C}.Debug|Any CPU.ActiveCfg = Debug|Any CPU
		{1B28EA8E-0AB5-47C4-8BEA-A08D3FAD3C7C}.Debug|Any CPU.Build.0 = Debug|Any CPU
		{1B28EA8E-0AB5-47C4-8BEA-A08D3FAD3C7C}.Release|Any CPU.ActiveCfg = Release|Any CPU
		{1B28EA8E-0AB5-47C4-8BEA-A08D3FAD3C7C}.Release|Any CPU.Build.0 = Release|Any CPU
	EndGlobalSection
	GlobalSection(SolutionProperties) = preSolution
		HideSolutionNode = FALSE
	EndGlobalSection
	GlobalSection(ExtensibilityGlobals) = postSolution
		SolutionGuid = {AD7AB802-2D3C-4F4A-8C33-D38F60BDB938}
	EndGlobalSection
EndGlobal
